
Microsoft Visual Studio Solution File, Format Version 12.00
# Visual Studio Version 17
VisualStudioVersion = 17.9.34616.47
MinimumVisualStudioVersion = 10.0.40219.1
Project("{9A19103F-16F7-4668-BE54-9A1E7A4F7556}") = "BulkyWeb", "BulkyWeb\BulkyWeb.csproj", "{858C82F0-E0C2-4B78-A73D-267E5258C9CA}"
EndProject
Project("{FAE04EC0-301F-11D3-BF4B-00C04F79EFBC}") = "Bulky.Models", "Bulky.Models\Bulky.Models.csproj", "{CE0827A7-451C-4988-AAF8-45A02681C4CC}"
EndProject
Project("{FAE04EC0-301F-11D3-BF4B-00C04F79EFBC}") = "Bulky.DataAccess", "Bulky.DataAccess\Bulky.DataAccess.csproj", "{88281D2F-BBBC-456A-AB51-905E6E1612EE}"
EndProject
Project("{FAE04EC0-301F-11D3-BF4B-00C04F79EFBC}") = "Bulky.Utility", "Bulky.Utility\Bulky.Utility.csproj", "{4A27432E-0A24-4CCF-8B71-7C0D7A37DAD8}"
EndProject
Global
	GlobalSection(SolutionConfigurationPlatforms) = preSolution
		Debug|Any CPU = Debug|Any CPU
		Release|Any CPU = Release|Any CPU
	EndGlobalSection
	GlobalSection(ProjectConfigurationPlatforms) = postSolution
		{858C82F0-E0C2-4B78-A73D-267E5258C9CA}.Debug|Any CPU.ActiveCfg = Debug|Any CPU
		{858C82F0-E0C2-4B78-A73D-267E5258C9CA}.Debug|Any CPU.Build.0 = Debug|Any CPU
		{858C82F0-E0C2-4B78-A73D-267E5258C9CA}.Release|Any CPU.ActiveCfg = Release|Any CPU
		{858C82F0-E0C2-4B78-A73D-267E5258C9CA}.Release|Any CPU.Build.0 = Release|Any CPU
		{CE0827A7-451C-4988-AAF8-45A02681C4CC}.Debug|Any CPU.ActiveCfg = Debug|Any CPU
		{CE0827A7-451C-4988-AAF8-45A02681C4CC}.Debug|Any CPU.Build.0 = Debug|Any CPU
		{CE0827A7-451C-4988-AAF8-45A02681C4CC}.Release|Any CPU.ActiveCfg = Release|Any CPU
		{CE0827A7-451C-4988-AAF8-45A02681C4CC}.Release|Any CPU.Build.0 = Release|Any CPU
		{88281D2F-BBBC-456A-AB51-905E6E1612EE}.Debug|Any CPU.ActiveCfg = Debug|Any CPU
		{88281D2F-BBBC-456A-AB51-905E6E1612EE}.Debug|Any CPU.Build.0 = Debug|Any CPU
		{88281D2F-BBBC-456A-AB51-905E6E1612EE}.Release|Any CPU.ActiveCfg = Release|Any CPU
		{88281D2F-BBBC-456A-AB51-905E6E1612EE}.Release|Any CPU.Build.0 = Release|Any CPU
		{4A27432E-0A24-4CCF-8B71-7C0D7A37DAD8}.Debug|Any CPU.ActiveCfg = Debug|Any CPU
		{4A27432E-0A24-4CCF-8B71-7C0D7A37DAD8}.Debug|Any CPU.Build.0 = Debug|Any CPU
		{4A27432E-0A24-4CCF-8B71-7C0D7A37DAD8}.Release|Any CPU.ActiveCfg = Release|Any CPU
		{4A27432E-0A24-4CCF-8B71-7C0D7A37DAD8}.Release|Any CPU.Build.0 = Release|Any CPU
	EndGlobalSection
	GlobalSection(SolutionProperties) = preSolution
		HideSolutionNode = FALSE
	EndGlobalSection
	GlobalSection(ExtensibilityGlobals) = postSolution
		SolutionGuid = {107A58F1-F199-4EB5-A726-11F6A4B8974E}
	EndGlobalSection
EndGlobal
